
Microsoft Visual Studio Solution File, Format Version 12.00
# Visual Studio Version 17
VisualStudioVersion = 17.1.32421.90
MinimumVisualStudioVersion = 10.0.40219.1
Project("{FAE04EC0-301F-11D3-BF4B-00C04F79EFBC}") = "Methods", "OOP C-Sharp\Methods.csproj", "{2175B4C6-8D1C-472A-87BF-192C2CB9C218}"
EndProject
Project("{FAE04EC0-301F-11D3-BF4B-00C04F79EFBC}") = "Method örnekleri", "Method örnekleri\Method örnekleri.csproj", "{AB2399D9-58F3-45E4-8C23-88357AB83A31}"
EndProject
Project("{FAE04EC0-301F-11D3-BF4B-00C04F79EFBC}") = "Method örnek 2", "Method örnek 2\Method örnek 2.csproj", "{CB769BE0-8A71-4284-ACF7-3A503BC0DD16}"
EndProject
Project("{FAE04EC0-301F-11D3-BF4B-00C04F79EFBC}") = "Method örnekler 3", "Method örnekler 3\Method örnekler 3.csproj", "{DDFD1F04-489A-4747-AB09-6E11348C3EA0}"
EndProject
Project("{FAE04EC0-301F-11D3-BF4B-00C04F79EFBC}") = "REF ve OUT", "REF ve OUT\REF ve OUT.csproj", "{1868AFCB-71E8-4158-83E7-6E89FE3E509D}"
EndProject
Project("{FAE04EC0-301F-11D3-BF4B-00C04F79EFBC}") = "Method overloading", "Method overloading\Method overloading.csproj", "{2FB0F42F-69E2-4AAB-8F63-0C228B8A9608}"
EndProject
Project("{FAE04EC0-301F-11D3-BF4B-00C04F79EFBC}") = "Sınıflar - Class", "Sınıflar - Class\Sınıflar - Class.csproj", "{A62B41EE-7BA8-4567-BDF7-C8CFB186BC15}"
EndProject
Project("{FAE04EC0-301F-11D3-BF4B-00C04F79EFBC}") = "Staticler", "ConsoleApp1\Staticler.csproj", "{6F9356F5-DB33-402B-900A-9A1DCDA506D8}"
EndProject
Global
	GlobalSection(SolutionConfigurationPlatforms) = preSolution
		Debug|Any CPU = Debug|Any CPU
		Release|Any CPU = Release|Any CPU
	EndGlobalSection
	GlobalSection(ProjectConfigurationPlatforms) = postSolution
		{2175B4C6-8D1C-472A-87BF-192C2CB9C218}.Debug|Any CPU.ActiveCfg = Debug|Any CPU
		{2175B4C6-8D1C-472A-87BF-192C2CB9C218}.Debug|Any CPU.Build.0 = Debug|Any CPU
		{2175B4C6-8D1C-472A-87BF-192C2CB9C218}.Release|Any CPU.ActiveCfg = Release|Any CPU
		{2175B4C6-8D1C-472A-87BF-192C2CB9C218}.Release|Any CPU.Build.0 = Release|Any CPU
		{AB2399D9-58F3-45E4-8C23-88357AB83A31}.Debug|Any CPU.ActiveCfg = Debug|Any CPU
		{AB2399D9-58F3-45E4-8C23-88357AB83A31}.Debug|Any CPU.Build.0 = Debug|Any CPU
		{AB2399D9-58F3-45E4-8C23-88357AB83A31}.Release|Any CPU.ActiveCfg = Release|Any CPU
		{AB2399D9-58F3-45E4-8C23-88357AB83A31}.Release|Any CPU.Build.0 = Release|Any CPU
		{CB769BE0-8A71-4284-ACF7-3A503BC0DD16}.Debug|Any CPU.ActiveCfg = Debug|Any CPU
		{CB769BE0-8A71-4284-ACF7-3A503BC0DD16}.Debug|Any CPU.Build.0 = Debug|Any CPU
		{CB769BE0-8A71-4284-ACF7-3A503BC0DD16}.Release|Any CPU.ActiveCfg = Release|Any CPU
		{CB769BE0-8A71-4284-ACF7-3A503BC0DD16}.Release|Any CPU.Build.0 = Release|Any CPU
		{DDFD1F04-489A-4747-AB09-6E11348C3EA0}.Debug|Any CPU.ActiveCfg = Debug|Any CPU
		{DDFD1F04-489A-4747-AB09-6E11348C3EA0}.Debug|Any CPU.Build.0 = Debug|Any CPU
		{DDFD1F04-489A-4747-AB09-6E11348C3EA0}.Release|Any CPU.ActiveCfg = Release|Any CPU
		{DDFD1F04-489A-4747-AB09-6E11348C3EA0}.Release|Any CPU.Build.0 = Release|Any CPU
		{1868AFCB-71E8-4158-83E7-6E89FE3E509D}.Debug|Any CPU.ActiveCfg = Debug|Any CPU
		{1868AFCB-71E8-4158-83E7-6E89FE3E509D}.Debug|Any CPU.Build.0 = Debug|Any CPU
		{1868AFCB-71E8-4158-83E7-6E89FE3E509D}.Release|Any CPU.ActiveCfg = Release|Any CPU
		{1868AFCB-71E8-4158-83E7-6E89FE3E509D}.Release|Any CPU.Build.0 = Release|Any CPU
		{2FB0F42F-69E2-4AAB-8F63-0C228B8A9608}.Debug|Any CPU.ActiveCfg = Debug|Any CPU
		{2FB0F42F-69E2-4AAB-8F63-0C228B8A9608}.Debug|Any CPU.Build.0 = Debug|Any CPU
		{2FB0F42F-69E2-4AAB-8F63-0C228B8A9608}.Release|Any CPU.ActiveCfg = Release|Any CPU
		{2FB0F42F-69E2-4AAB-8F63-0C228B8A9608}.Release|Any CPU.Build.0 = Release|Any CPU
		{A62B41EE-7BA8-4567-BDF7-C8CFB186BC15}.Debug|Any CPU.ActiveCfg = Debug|Any CPU
		{A62B41EE-7BA8-4567-BDF7-C8CFB186BC15}.Debug|Any CPU.Build.0 = Debug|Any CPU
		{A62B41EE-7BA8-4567-BDF7-C8CFB186BC15}.Release|Any CPU.ActiveCfg = Release|Any CPU
		{A62B41EE-7BA8-4567-BDF7-C8CFB186BC15}.Release|Any CPU.Build.0 = Release|Any CPU
		{6F9356F5-DB33-402B-900A-9A1DCDA506D8}.Debug|Any CPU.ActiveCfg = Debug|Any CPU
		{6F9356F5-DB33-402B-900A-9A1DCDA506D8}.Debug|Any CPU.Build.0 = Debug|Any CPU
		{6F9356F5-DB33-402B-900A-9A1DCDA506D8}.Release|Any CPU.ActiveCfg = Release|Any CPU
		{6F9356F5-DB33-402B-900A-9A1DCDA506D8}.Release|Any CPU.Build.0 = Release|Any CPU
	EndGlobalSection
	GlobalSection(SolutionProperties) = preSolution
		HideSolutionNode = FALSE
	EndGlobalSection
	GlobalSection(ExtensibilityGlobals) = postSolution
		SolutionGuid = {C77D4075-C32E-4117-9350-5CDE21E1DC36}
	EndGlobalSection
EndGlobal
